
Microsoft Visual Studio Solution File, Format Version 12.00
# Visual Studio Version 17
VisualStudioVersion = 17.9.34728.123
MinimumVisualStudioVersion = 10.0.40219.1
Project("{FAE04EC0-301F-11D3-BF4B-00C04F79EFBC}") = "Lab6_7", "Lab6_7\Lab6_7.csproj", "{A85D6686-D3F3-4E58-BCC4-9C143990828C}"
EndProject
Global
	GlobalSection(SolutionConfigurationPlatforms) = preSolution
		Debug|Any CPU = Debug|Any CPU
		Release|Any CPU = Release|Any CPU
	EndGlobalSection
	GlobalSection(ProjectConfigurationPlatforms) = postSolution
		{A85D6686-D3F3-4E58-BCC4-9C143990828C}.Debug|Any CPU.ActiveCfg = Debug|Any CPU
		{A85D6686-D3F3-4E58-BCC4-9C143990828C}.Debug|Any CPU.Build.0 = Debug|Any CPU
		{A85D6686-D3F3-4E58-BCC4-9C143990828C}.Release|Any CPU.ActiveCfg = Release|Any CPU
		{A85D6686-D3F3-4E58-BCC4-9C143990828C}.Release|Any CPU.Build.0 = Release|Any CPU
	EndGlobalSection
	GlobalSection(SolutionProperties) = preSolution
		HideSolutionNode = FALSE
	EndGlobalSection
	GlobalSection(ExtensibilityGlobals) = postSolution
		SolutionGuid = {E58B37B2-0326-4082-8FC5-87E8DC7667F2}
	EndGlobalSection
EndGlobal
